
Microsoft Visual Studio Solution File, Format Version 12.00
# Visual Studio Version 16
VisualStudioVersion = 16.0.33927.289
MinimumVisualStudioVersion = 10.0.40219.1
Project("{2150E333-8FDC-42A3-9474-1A3956D46DE8}") = "Task0", "Task0", "{05DEF3DD-2DF0-4ED4-A0B1-CE0C3BC7E5D5}"
EndProject
Project("{2150E333-8FDC-42A3-9474-1A3956D46DE8}") = "Task1", "Task1", "{57469C13-F279-4E8F-AA76-563E4D453B04}"
EndProject
Project("{2150E333-8FDC-42A3-9474-1A3956D46DE8}") = "Task2", "Task2", "{1DF01B41-390C-448A-88FE-9EFE499BA9EF}"
EndProject
Project("{2150E333-8FDC-42A3-9474-1A3956D46DE8}") = "Task3", "Task3", "{A47EFAF4-70A3-4E96-B3DC-3095DFAAD69E}"
EndProject
Project("{FAE04EC0-301F-11D3-BF4B-00C04F79EFBC}") = "Tyuiu.ZargarovAA.Sprint4.Task0.V22.Test", "Tyuiu.ZargarovAA.Sprint4.Task0.V22.Test\Tyuiu.ZargarovAA.Sprint4.Task0.V22.Test.csproj", "{9E6160E4-C7DF-4070-9CB3-8065D78D74EC}"
EndProject
Project("{FAE04EC0-301F-11D3-BF4B-00C04F79EFBC}") = "Tyuiu.ZargarovAA.Sprint4.Task1.V8", "Tyuiu.ZargarovAA.Sprint4.Task1.V8\Tyuiu.ZargarovAA.Sprint4.Task1.V8.csproj", "{CBB39E58-7EED-4818-8461-D6EFCE3CBE9C}"
EndProject
Project("{FAE04EC0-301F-11D3-BF4B-00C04F79EFBC}") = "Tyuiu.ZargarovAA.Sprint4.Task1.V8.Lib", "Tyuiu.ZargarovAA.Sprint4.Task1.V8.Lib\Tyuiu.ZargarovAA.Sprint4.Task1.V8.Lib.csproj", "{7B34FBC4-A5BD-45C0-AA1C-69656AEDEFEB}"
EndProject
Project("{FAE04EC0-301F-11D3-BF4B-00C04F79EFBC}") = "Tyuiu.ZargarovAA.Sprint4.Task1.V8.Test", "Tyuiu.ZargarovAA.Sprint4.Task1.V8.Test\Tyuiu.ZargarovAA.Sprint4.Task1.V8.Test.csproj", "{1DA5B0B9-131C-4D07-8744-ADB184284605}"
EndProject
Project("{FAE04EC0-301F-11D3-BF4B-00C04F79EFBC}") = "Tyuiu.ZargarovAA.Sprint4.Task2.V26", "Tyuiu.ZargarovAA.Sprint4.Task2.V26\Tyuiu.ZargarovAA.Sprint4.Task2.V26.csproj", "{8E9DD686-F6DF-4524-87D6-5867CF07CB8A}"
EndProject
Project("{FAE04EC0-301F-11D3-BF4B-00C04F79EFBC}") = "Tyuiu.ZargarovAA.Sprint4.Task2.V26.Lib", "Tyuiu.ZargarovAA.Sprint4.Task2.V26.Lib\Tyuiu.ZargarovAA.Sprint4.Task2.V26.Lib.csproj", "{179F0680-AFD1-4DA6-9A87-BDDB8B9C991A}"
EndProject
Project("{FAE04EC0-301F-11D3-BF4B-00C04F79EFBC}") = "Tyuiu.ZargarovAA.Sprint4.Task2.V26.Test", "Tyuiu.ZargarovAA.Sprint4.Task2.V26.Test\Tyuiu.ZargarovAA.Sprint4.Task2.V26.Test.csproj", "{07B23B0F-5ACB-4199-8A70-1A58CD4808C0}"
EndProject
Project("{FAE04EC0-301F-11D3-BF4B-00C04F79EFBC}") = "Tyuiu.ZargarovAA.Sprint4.Task3.V29", "Tyuiu.ZargarovAA.Sprint4.Task3.V29\Tyuiu.ZargarovAA.Sprint4.Task3.V29.csproj", "{880DC218-94C3-40E1-8E0C-54803C76A9CC}"
EndProject
Project("{FAE04EC0-301F-11D3-BF4B-00C04F79EFBC}") = "Tyuiu.ZargarovAA.Sprint4.Task3.V29.Lib", "Tyuiu.ZargarovAA.Sprint4.Task3.V29.Lib\Tyuiu.ZargarovAA.Sprint4.Task3.V29.Lib.csproj", "{77F5515B-A33D-4CED-A35B-7337675FBC5C}"
EndProject
Project("{FAE04EC0-301F-11D3-BF4B-00C04F79EFBC}") = "Tyuiu.ZargarovAA.Sprint4.Task3.V29.Test", "Tyuiu.ZargarovAA.Sprint4.Task3.V29.Test\Tyuiu.ZargarovAA.Sprint4.Task3.V29.Test.csproj", "{BF55172F-33F6-47CA-86D3-E3F28B7AEA09}"
EndProject
Project("{FAE04EC0-301F-11D3-BF4B-00C04F79EFBC}") = "Tyuiu.ZargarovAA.Sprint4.Task0.V22", "Tyuiu.ZargarovAA.Sprint4.Task0.V22\Tyuiu.ZargarovAA.Sprint4.Task0.V22.csproj", "{779C5C31-3D9C-46F4-884F-FBED71DC6DAB}"
EndProject
Project("{FAE04EC0-301F-11D3-BF4B-00C04F79EFBC}") = "Tyuiu.ZargarovAA.Sprint4.Task0.V22.Lib", "Tyuiu.ZargarovAA.Sprint4.Task0.V22.Lib\Tyuiu.ZargarovAA.Sprint4.Task0.V22.Lib.csproj", "{33D06396-925B-4B0E-92F0-79856514B904}"
EndProject
Global
	GlobalSection(SolutionConfigurationPlatforms) = preSolution
		Debug|Any CPU = Debug|Any CPU
		Release|Any CPU = Release|Any CPU
	EndGlobalSection
	GlobalSection(ProjectConfigurationPlatforms) = postSolution
		{9E6160E4-C7DF-4070-9CB3-8065D78D74EC}.Debug|Any CPU.ActiveCfg = Debug|Any CPU
		{9E6160E4-C7DF-4070-9CB3-8065D78D74EC}.Debug|Any CPU.Build.0 = Debug|Any CPU
		{9E6160E4-C7DF-4070-9CB3-8065D78D74EC}.Release|Any CPU.ActiveCfg = Release|Any CPU
		{9E6160E4-C7DF-4070-9CB3-8065D78D74EC}.Release|Any CPU.Build.0 = Release|Any CPU
		{CBB39E58-7EED-4818-8461-D6EFCE3CBE9C}.Debug|Any CPU.ActiveCfg = Debug|Any CPU
		{CBB39E58-7EED-4818-8461-D6EFCE3CBE9C}.Debug|Any CPU.Build.0 = Debug|Any CPU
		{CBB39E58-7EED-4818-8461-D6EFCE3CBE9C}.Release|Any CPU.ActiveCfg = Release|Any CPU
		{CBB39E58-7EED-4818-8461-D6EFCE3CBE9C}.Release|Any CPU.Build.0 = Release|Any CPU
		{7B34FBC4-A5BD-45C0-AA1C-69656AEDEFEB}.Debug|Any CPU.ActiveCfg = Debug|Any CPU
		{7B34FBC4-A5BD-45C0-AA1C-69656AEDEFEB}.Debug|Any CPU.Build.0 = Debug|Any CPU
		{7B34FBC4-A5BD-45C0-AA1C-69656AEDEFEB}.Release|Any CPU.ActiveCfg = Release|Any CPU
		{7B34FBC4-A5BD-45C0-AA1C-69656AEDEFEB}.Release|Any CPU.Build.0 = Release|Any CPU
		{1DA5B0B9-131C-4D07-8744-ADB184284605}.Debug|Any CPU.ActiveCfg = Debug|Any CPU
		{1DA5B0B9-131C-4D07-8744-ADB184284605}.Debug|Any CPU.Build.0 = Debug|Any CPU
		{1DA5B0B9-131C-4D07-8744-ADB184284605}.Release|Any CPU.ActiveCfg = Release|Any CPU
		{1DA5B0B9-131C-4D07-8744-ADB184284605}.Release|Any CPU.Build.0 = Release|Any CPU
		{8E9DD686-F6DF-4524-87D6-5867CF07CB8A}.Debug|Any CPU.ActiveCfg = Debug|Any CPU
		{8E9DD686-F6DF-4524-87D6-5867CF07CB8A}.Debug|Any CPU.Build.0 = Debug|Any CPU
		{8E9DD686-F6DF-4524-87D6-5867CF07CB8A}.Release|Any CPU.ActiveCfg = Release|Any CPU
		{8E9DD686-F6DF-4524-87D6-5867CF07CB8A}.Release|Any CPU.Build.0 = Release|Any CPU
		{179F0680-AFD1-4DA6-9A87-BDDB8B9C991A}.Debug|Any CPU.ActiveCfg = Debug|Any CPU
		{179F0680-AFD1-4DA6-9A87-BDDB8B9C991A}.Debug|Any CPU.Build.0 = Debug|Any CPU
		{179F0680-AFD1-4DA6-9A87-BDDB8B9C991A}.Release|Any CPU.ActiveCfg = Release|Any CPU
		{179F0680-AFD1-4DA6-9A87-BDDB8B9C991A}.Release|Any CPU.Build.0 = Release|Any CPU
		{07B23B0F-5ACB-4199-8A70-1A58CD4808C0}.Debug|Any CPU.ActiveCfg = Debug|Any CPU
		{07B23B0F-5ACB-4199-8A70-1A58CD4808C0}.Debug|Any CPU.Build.0 = Debug|Any CPU
		{07B23B0F-5ACB-4199-8A70-1A58CD4808C0}.Release|Any CPU.ActiveCfg = Release|Any CPU
		{07B23B0F-5ACB-4199-8A70-1A58CD4808C0}.Release|Any CPU.Build.0 = Release|Any CPU
		{880DC218-94C3-40E1-8E0C-54803C76A9CC}.Debug|Any CPU.ActiveCfg = Debug|Any CPU
		{880DC218-94C3-40E1-8E0C-54803C76A9CC}.Debug|Any CPU.Build.0 = Debug|Any CPU
		{880DC218-94C3-40E1-8E0C-54803C76A9CC}.Release|Any CPU.ActiveCfg = Release|Any CPU
		{880DC218-94C3-40E1-8E0C-54803C76A9CC}.Release|Any CPU.Build.0 = Release|Any CPU
		{77F5515B-A33D-4CED-A35B-7337675FBC5C}.Debug|Any CPU.ActiveCfg = Debug|Any CPU
		{77F5515B-A33D-4CED-A35B-7337675FBC5C}.Debug|Any CPU.Build.0 = Debug|Any CPU
		{77F5515B-A33D-4CED-A35B-7337675FBC5C}.Release|Any CPU.ActiveCfg = Release|Any CPU
		{77F5515B-A33D-4CED-A35B-7337675FBC5C}.Release|Any CPU.Build.0 = Release|Any CPU
		{BF55172F-33F6-47CA-86D3-E3F28B7AEA09}.Debug|Any CPU.ActiveCfg = Debug|Any CPU
		{BF55172F-33F6-47CA-86D3-E3F28B7AEA09}.Debug|Any CPU.Build.0 = Debug|Any CPU
		{BF55172F-33F6-47CA-86D3-E3F28B7AEA09}.Release|Any CPU.ActiveCfg = Release|Any CPU
		{BF55172F-33F6-47CA-86D3-E3F28B7AEA09}.Release|Any CPU.Build.0 = Release|Any CPU
		{779C5C31-3D9C-46F4-884F-FBED71DC6DAB}.Debug|Any CPU.ActiveCfg = Debug|Any CPU
		{779C5C31-3D9C-46F4-884F-FBED71DC6DAB}.Debug|Any CPU.Build.0 = Debug|Any CPU
		{779C5C31-3D9C-46F4-884F-FBED71DC6DAB}.Release|Any CPU.ActiveCfg = Release|Any CPU
		{779C5C31-3D9C-46F4-884F-FBED71DC6DAB}.Release|Any CPU.Build.0 = Release|Any CPU
		{33D06396-925B-4B0E-92F0-79856514B904}.Debug|Any CPU.ActiveCfg = Debug|Any CPU
		{33D06396-925B-4B0E-92F0-79856514B904}.Debug|Any CPU.Build.0 = Debug|Any CPU
		{33D06396-925B-4B0E-92F0-79856514B904}.Release|Any CPU.ActiveCfg = Release|Any CPU
		{33D06396-925B-4B0E-92F0-79856514B904}.Release|Any CPU.Build.0 = Release|Any CPU
	EndGlobalSection
	GlobalSection(SolutionProperties) = preSolution
		HideSolutionNode = FALSE
	EndGlobalSection
	GlobalSection(NestedProjects) = preSolution
		{9E6160E4-C7DF-4070-9CB3-8065D78D74EC} = {05DEF3DD-2DF0-4ED4-A0B1-CE0C3BC7E5D5}
		{CBB39E58-7EED-4818-8461-D6EFCE3CBE9C} = {57469C13-F279-4E8F-AA76-563E4D453B04}
		{7B34FBC4-A5BD-45C0-AA1C-69656AEDEFEB} = {57469C13-F279-4E8F-AA76-563E4D453B04}
		{1DA5B0B9-131C-4D07-8744-ADB184284605} = {57469C13-F279-4E8F-AA76-563E4D453B04}
		{8E9DD686-F6DF-4524-87D6-5867CF07CB8A} = {1DF01B41-390C-448A-88FE-9EFE499BA9EF}
		{179F0680-AFD1-4DA6-9A87-BDDB8B9C991A} = {1DF01B41-390C-448A-88FE-9EFE499BA9EF}
		{07B23B0F-5ACB-4199-8A70-1A58CD4808C0} = {1DF01B41-390C-448A-88FE-9EFE499BA9EF}
		{880DC218-94C3-40E1-8E0C-54803C76A9CC} = {A47EFAF4-70A3-4E96-B3DC-3095DFAAD69E}
		{77F5515B-A33D-4CED-A35B-7337675FBC5C} = {A47EFAF4-70A3-4E96-B3DC-3095DFAAD69E}
		{BF55172F-33F6-47CA-86D3-E3F28B7AEA09} = {A47EFAF4-70A3-4E96-B3DC-3095DFAAD69E}
		{779C5C31-3D9C-46F4-884F-FBED71DC6DAB} = {05DEF3DD-2DF0-4ED4-A0B1-CE0C3BC7E5D5}
		{33D06396-925B-4B0E-92F0-79856514B904} = {05DEF3DD-2DF0-4ED4-A0B1-CE0C3BC7E5D5}
	EndGlobalSection
	GlobalSection(ExtensibilityGlobals) = postSolution
		SolutionGuid = {6C92ED2C-AB26-48BC-83BF-B3DF985D98CA}
	EndGlobalSection
EndGlobal
