
Microsoft Visual Studio Solution File, Format Version 12.00
# Visual Studio Version 16
VisualStudioVersion = 16.0.33927.289
MinimumVisualStudioVersion = 10.0.40219.1
Project("{2150E333-8FDC-42A3-9474-1A3956D46DE8}") = "Task0", "Task0", "{05DEF3DD-2DF0-4ED4-A0B1-CE0C3BC7E5D5}"
EndProject
Project("{2150E333-8FDC-42A3-9474-1A3956D46DE8}") = "Task1", "Task1", "{57469C13-F279-4E8F-AA76-563E4D453B04}"
EndProject
Project("{2150E333-8FDC-42A3-9474-1A3956D46DE8}") = "Task2", "Task2", "{1DF01B41-390C-448A-88FE-9EFE499BA9EF}"
EndProject
Project("{2150E333-8FDC-42A3-9474-1A3956D46DE8}") = "Task3", "Task3", "{A47EFAF4-70A3-4E96-B3DC-3095DFAAD69E}"
EndProject
Project("{FAE04EC0-301F-11D3-BF4B-00C04F79EFBC}") = "Tyuiu.ZargarovAA.Sprint4.Task0.V22.Test", "Tyuiu.ZargarovAA.Sprint4.Task0.V22.Test\Tyuiu.ZargarovAA.Sprint4.Task0.V22.Test.csproj", "{9E6160E4-C7DF-4070-9CB3-8065D78D74EC}"
EndProject
Project("{FAE04EC0-301F-11D3-BF4B-00C04F79EFBC}") = "Tyuiu.ZargarovAA.Sprint4.Task1.V8", "Tyuiu.ZargarovAA.Sprint4.Task1.V8\Tyuiu.ZargarovAA.Sprint4.Task1.V8.csproj", "{CBB39E58-7EED-4818-8461-D6EFCE3CBE9C}"
EndProject
Project("{FAE04EC0-301F-11D3-BF4B-00C04F79EFBC}") = "Tyuiu.ZargarovAA.Sprint4.Task1.V8.Lib", "Tyuiu.ZargarovAA.Sprint4.Task1.V8.Lib\Tyuiu.ZargarovAA.Sprint4.Task1.V8.Lib.csproj", "{7B34FBC4-A5BD-45C0-AA1C-69656AEDEFEB}"
EndProject
Project("{FAE04EC0-301F-11D3-BF4B-00C04F79EFBC}") = "Tyuiu.ZargarovAA.Sprint4.Task1.V8.Test", "Tyuiu.ZargarovAA.Sprint4.Task1.V8.Test\Tyuiu.ZargarovAA.Sprint4.Task1.V8.Test.csproj", "{1DA5B0B9-131C-4D07-8744-ADB184284605}"
EndProject
Project("{FAE04EC0-301F-11D3-BF4B-00C04F79EFBC}") = "Tyuiu.ZargarovAA.Sprint4.Task2.V26", "Tyuiu.ZargarovAA.Sprint4.Task2.V26\Tyuiu.ZargarovAA.Sprint4.Task2.V26.csproj", "{8E9DD686-F6DF-4524-87D6-5867CF07CB8A}"
EndProject
Project("{FAE04EC0-301F-11D3-BF4B-00C04F79EFBC}") = "Tyuiu.ZargarovAA.Sprint4.Task2.V26.Lib", "Tyuiu.ZargarovAA.Sprint4.Task2.V26.Lib\Tyuiu.ZargarovAA.Sprint4.Task2.V26.Lib.csproj", "{179F0680-AFD1-4DA6-9A87-BDDB8B9C991A}"
EndProject
Project("{FAE04EC0-301F-11D3-BF4B-00C04F79EFBC}") = "Tyuiu.ZargarovAA.Sprint4.Task2.V26.Test", "Tyuiu.ZargarovAA.Sprint4.Task2.V26.Test\Tyuiu.ZargarovAA.Sprint4.Task2.V26.Test.csproj", "{07B23B0F-5ACB-4199-8A70-1A58CD4808C0}"
EndProject
Project("{FAE04EC0-301F-11D3-BF4B-00C04F79EFBC}") = "Tyuiu.ZargarovAA.Sprint4.Task3.V29", "Tyuiu.ZargarovAA.Sprint4.Task3.V29\Tyuiu.ZargarovAA.Sprint4.Task3.V29.csproj", "{880DC218-94C3-40E1-8E0C-54803C76A9CC}"
EndProject
Project("{FAE04EC0-301F-11D3-BF4B-00C04F79EFBC}") = "Tyuiu.ZargarovAA.Sprint4.Task3.V29.Lib", "Tyuiu.ZargarovAA.Sprint4.Task3.V29.Lib\Tyuiu.ZargarovAA.Sprint4.Task3.V29.Lib.csproj", "{77F5515B-A33D-4CED-A35B-7337675FBC5C}"
EndProject
Project("{FAE04EC0-301F-11D3-BF4B-00C04F79EFBC}") = "Tyuiu.ZargarovAA.Sprint4.Task3.V29.Test", "Tyuiu.ZargarovAA.Sprint4.Task3.V29.Test\Tyuiu.ZargarovAA.Sprint4.Task3.V29.Test.csproj", "{BF55172F-33F6-47CA-86D3-E3F28B7AEA09}"
EndProject
Project("{FAE04EC0-301F-11D3-BF4B-00C04F79EFBC}") = "Tyuiu.ZargarovAA.Sprint4.Task0.V22", "Tyuiu.ZargarovAA.Sprint4.Task0.V22\Tyuiu.ZargarovAA.Sprint4.Task0.V22.csproj", "{779C5C31-3D9C-46F4-884F-FBED71DC6DAB}"
EndProject
Project("{FAE04EC0-301F-11D3-BF4B-00C04F79EFBC}") = "Tyuiu.ZargarovAA.Sprint4.Task0.V22.Lib", "Tyuiu.ZargarovAA.Sprint4.Task0.V22.Lib\Tyuiu.ZargarovAA.Sprint4.Task0.V22.Lib.csproj", "{33D06396-925B-4B0E-92F0-79856514B904}"
EndProject
Project("{2150E333-8FDC-42A3-9474-1A3956D46DE8}") = "Task4", "Task4", "{51431310-8A4F-4B78-B3B3-53061B013418}"
EndProject
Project("{2150E333-8FDC-42A3-9474-1A3956D46DE8}") = "Task5", "Task5", "{82994C36-F188-48C4-97F5-49F630B4C118}"
EndProject
Project("{2150E333-8FDC-42A3-9474-1A3956D46DE8}") = "Task6", "Task6", "{0153A94B-E216-4B15-BADF-39FE47D22187}"
EndProject
Project("{2150E333-8FDC-42A3-9474-1A3956D46DE8}") = "Task7", "Task7", "{52298B89-C1D7-46BA-B0AD-6D5349982B66}"
EndProject
Project("{FAE04EC0-301F-11D3-BF4B-00C04F79EFBC}") = "Tyuiu.ZargarovAA.Sprint4.Task4.V11", "Tyuiu.ZargarovAA.Sprint4.Task4.V11\Tyuiu.ZargarovAA.Sprint4.Task4.V11.csproj", "{DE84BFD2-8730-444B-9F22-042AD9ECC87F}"
EndProject
Project("{FAE04EC0-301F-11D3-BF4B-00C04F79EFBC}") = "Tyuiu.ZargarovAA.Sprint4.Task4.V11.Lib", "Tyuiu.ZargarovAA.Sprint4.Task4.V11.Lib\Tyuiu.ZargarovAA.Sprint4.Task4.V11.Lib.csproj", "{DA3C2726-B199-4B6A-8FD1-23CF8A95FEA0}"
EndProject
Project("{FAE04EC0-301F-11D3-BF4B-00C04F79EFBC}") = "Tyuiu.ZargarovAA.Sprint4.Task4.V11.Test", "Tyuiu.ZargarovAA.Sprint4.Task4.V11.Test\Tyuiu.ZargarovAA.Sprint4.Task4.V11.Test.csproj", "{B5954FDC-72C4-43B9-A2CC-C4D7F1B8B30F}"
EndProject
Project("{FAE04EC0-301F-11D3-BF4B-00C04F79EFBC}") = "Tyuiu.ZargarovAA.Sprint4.Task5.V23", "Tyuiu.ZargarovAA.Sprint4.Task5.V23\Tyuiu.ZargarovAA.Sprint4.Task5.V23.csproj", "{65E8F69F-FE0A-46D5-8528-50BD6810096A}"
EndProject
Project("{FAE04EC0-301F-11D3-BF4B-00C04F79EFBC}") = "Tyuiu.ZargarovAA.Sprint4.Task5.V23.Lib", "Tyuiu.ZargarovAA.Sprint4.Task5.V23.Lib\Tyuiu.ZargarovAA.Sprint4.Task5.V23.Lib.csproj", "{ACD0ABFE-4E0C-40BD-9A8F-05C7F25ACB1A}"
EndProject
Project("{FAE04EC0-301F-11D3-BF4B-00C04F79EFBC}") = "Tyuiu.ZargarovAA.Sprint4.Task5.V23.Test", "Tyuiu.ZargarovAA.Sprint4.Task5.V23.Test\Tyuiu.ZargarovAA.Sprint4.Task5.V23.Test.csproj", "{1FDD0283-750D-47A3-8103-3DFCA58413A3}"
EndProject
Project("{FAE04EC0-301F-11D3-BF4B-00C04F79EFBC}") = "Tyuiu.ZargarovAA.Sprint4.Task6.V30", "Tyuiu.ZargarovAA.Sprint4.Task6.V30\Tyuiu.ZargarovAA.Sprint4.Task6.V30.csproj", "{83B1947E-2255-4963-A661-EC4B1FE58964}"
EndProject
Project("{FAE04EC0-301F-11D3-BF4B-00C04F79EFBC}") = "Tyuiu.ZargarovAA.Sprint4.Task6.V30.Lib", "Tyuiu.ZargarovAA.Sprint4.Task6.V30.Lib\Tyuiu.ZargarovAA.Sprint4.Task6.V30.Lib.csproj", "{460E50D4-CDE5-4550-B9F7-33B97B0437F1}"
EndProject
Project("{FAE04EC0-301F-11D3-BF4B-00C04F79EFBC}") = "Tyuiu.ZargarovAA.Sprint4.Task6.V30.Test", "Tyuiu.ZargarovAA.Sprint4.Task6.V30.Test\Tyuiu.ZargarovAA.Sprint4.Task6.V30.Test.csproj", "{F77C531D-ACEF-48D6-9335-041A1F59E87E}"
EndProject
Project("{FAE04EC0-301F-11D3-BF4B-00C04F79EFBC}") = "Tyuiu.ZargarovAA.Sprint4.Task7.V2", "Tyuiu.ZargarovAA.Sprint4.Task7.V2\Tyuiu.ZargarovAA.Sprint4.Task7.V2.csproj", "{B8974004-D986-4AA1-9138-E3DEEDA74E77}"
EndProject
Project("{FAE04EC0-301F-11D3-BF4B-00C04F79EFBC}") = "Tyuiu.ZargarovAA.Sprint4.Task7.V2.Lib", "Tyuiu.ZargarovAA.Sprint4.Task7.V2.Lib\Tyuiu.ZargarovAA.Sprint4.Task7.V2.Lib.csproj", "{D02BA55C-A67B-4A6D-91E4-AB4CA86CCAA5}"
EndProject
Project("{FAE04EC0-301F-11D3-BF4B-00C04F79EFBC}") = "Tyuiu.ZargarovAA.Sprint4.Task7.V2.Test", "Tyuiu.ZargarovAA.Sprint4.Task7.V2.Test\Tyuiu.ZargarovAA.Sprint4.Task7.V2.Test.csproj", "{1EB8A3B6-BCFD-4E39-8681-246D1AAE037F}"
EndProject
Global
	GlobalSection(SolutionConfigurationPlatforms) = preSolution
		Debug|Any CPU = Debug|Any CPU
		Release|Any CPU = Release|Any CPU
	EndGlobalSection
	GlobalSection(ProjectConfigurationPlatforms) = postSolution
		{9E6160E4-C7DF-4070-9CB3-8065D78D74EC}.Debug|Any CPU.ActiveCfg = Debug|Any CPU
		{9E6160E4-C7DF-4070-9CB3-8065D78D74EC}.Debug|Any CPU.Build.0 = Debug|Any CPU
		{9E6160E4-C7DF-4070-9CB3-8065D78D74EC}.Release|Any CPU.ActiveCfg = Release|Any CPU
		{9E6160E4-C7DF-4070-9CB3-8065D78D74EC}.Release|Any CPU.Build.0 = Release|Any CPU
		{CBB39E58-7EED-4818-8461-D6EFCE3CBE9C}.Debug|Any CPU.ActiveCfg = Debug|Any CPU
		{CBB39E58-7EED-4818-8461-D6EFCE3CBE9C}.Debug|Any CPU.Build.0 = Debug|Any CPU
		{CBB39E58-7EED-4818-8461-D6EFCE3CBE9C}.Release|Any CPU.ActiveCfg = Release|Any CPU
		{CBB39E58-7EED-4818-8461-D6EFCE3CBE9C}.Release|Any CPU.Build.0 = Release|Any CPU
		{7B34FBC4-A5BD-45C0-AA1C-69656AEDEFEB}.Debug|Any CPU.ActiveCfg = Debug|Any CPU
		{7B34FBC4-A5BD-45C0-AA1C-69656AEDEFEB}.Debug|Any CPU.Build.0 = Debug|Any CPU
		{7B34FBC4-A5BD-45C0-AA1C-69656AEDEFEB}.Release|Any CPU.ActiveCfg = Release|Any CPU
		{7B34FBC4-A5BD-45C0-AA1C-69656AEDEFEB}.Release|Any CPU.Build.0 = Release|Any CPU
		{1DA5B0B9-131C-4D07-8744-ADB184284605}.Debug|Any CPU.ActiveCfg = Debug|Any CPU
		{1DA5B0B9-131C-4D07-8744-ADB184284605}.Debug|Any CPU.Build.0 = Debug|Any CPU
		{1DA5B0B9-131C-4D07-8744-ADB184284605}.Release|Any CPU.ActiveCfg = Release|Any CPU
		{1DA5B0B9-131C-4D07-8744-ADB184284605}.Release|Any CPU.Build.0 = Release|Any CPU
		{8E9DD686-F6DF-4524-87D6-5867CF07CB8A}.Debug|Any CPU.ActiveCfg = Debug|Any CPU
		{8E9DD686-F6DF-4524-87D6-5867CF07CB8A}.Debug|Any CPU.Build.0 = Debug|Any CPU
		{8E9DD686-F6DF-4524-87D6-5867CF07CB8A}.Release|Any CPU.ActiveCfg = Release|Any CPU
		{8E9DD686-F6DF-4524-87D6-5867CF07CB8A}.Release|Any CPU.Build.0 = Release|Any CPU
		{179F0680-AFD1-4DA6-9A87-BDDB8B9C991A}.Debug|Any CPU.ActiveCfg = Debug|Any CPU
		{179F0680-AFD1-4DA6-9A87-BDDB8B9C991A}.Debug|Any CPU.Build.0 = Debug|Any CPU
		{179F0680-AFD1-4DA6-9A87-BDDB8B9C991A}.Release|Any CPU.ActiveCfg = Release|Any CPU
		{179F0680-AFD1-4DA6-9A87-BDDB8B9C991A}.Release|Any CPU.Build.0 = Release|Any CPU
		{07B23B0F-5ACB-4199-8A70-1A58CD4808C0}.Debug|Any CPU.ActiveCfg = Debug|Any CPU
		{07B23B0F-5ACB-4199-8A70-1A58CD4808C0}.Debug|Any CPU.Build.0 = Debug|Any CPU
		{07B23B0F-5ACB-4199-8A70-1A58CD4808C0}.Release|Any CPU.ActiveCfg = Release|Any CPU
		{07B23B0F-5ACB-4199-8A70-1A58CD4808C0}.Release|Any CPU.Build.0 = Release|Any CPU
		{880DC218-94C3-40E1-8E0C-54803C76A9CC}.Debug|Any CPU.ActiveCfg = Debug|Any CPU
		{880DC218-94C3-40E1-8E0C-54803C76A9CC}.Debug|Any CPU.Build.0 = Debug|Any CPU
		{880DC218-94C3-40E1-8E0C-54803C76A9CC}.Release|Any CPU.ActiveCfg = Release|Any CPU
		{880DC218-94C3-40E1-8E0C-54803C76A9CC}.Release|Any CPU.Build.0 = Release|Any CPU
		{77F5515B-A33D-4CED-A35B-7337675FBC5C}.Debug|Any CPU.ActiveCfg = Debug|Any CPU
		{77F5515B-A33D-4CED-A35B-7337675FBC5C}.Debug|Any CPU.Build.0 = Debug|Any CPU
		{77F5515B-A33D-4CED-A35B-7337675FBC5C}.Release|Any CPU.ActiveCfg = Release|Any CPU
		{77F5515B-A33D-4CED-A35B-7337675FBC5C}.Release|Any CPU.Build.0 = Release|Any CPU
		{BF55172F-33F6-47CA-86D3-E3F28B7AEA09}.Debug|Any CPU.ActiveCfg = Debug|Any CPU
		{BF55172F-33F6-47CA-86D3-E3F28B7AEA09}.Debug|Any CPU.Build.0 = Debug|Any CPU
		{BF55172F-33F6-47CA-86D3-E3F28B7AEA09}.Release|Any CPU.ActiveCfg = Release|Any CPU
		{BF55172F-33F6-47CA-86D3-E3F28B7AEA09}.Release|Any CPU.Build.0 = Release|Any CPU
		{779C5C31-3D9C-46F4-884F-FBED71DC6DAB}.Debug|Any CPU.ActiveCfg = Debug|Any CPU
		{779C5C31-3D9C-46F4-884F-FBED71DC6DAB}.Debug|Any CPU.Build.0 = Debug|Any CPU
		{779C5C31-3D9C-46F4-884F-FBED71DC6DAB}.Release|Any CPU.ActiveCfg = Release|Any CPU
		{779C5C31-3D9C-46F4-884F-FBED71DC6DAB}.Release|Any CPU.Build.0 = Release|Any CPU
		{33D06396-925B-4B0E-92F0-79856514B904}.Debug|Any CPU.ActiveCfg = Debug|Any CPU
		{33D06396-925B-4B0E-92F0-79856514B904}.Debug|Any CPU.Build.0 = Debug|Any CPU
		{33D06396-925B-4B0E-92F0-79856514B904}.Release|Any CPU.ActiveCfg = Release|Any CPU
		{33D06396-925B-4B0E-92F0-79856514B904}.Release|Any CPU.Build.0 = Release|Any CPU
		{DE84BFD2-8730-444B-9F22-042AD9ECC87F}.Debug|Any CPU.ActiveCfg = Debug|Any CPU
		{DE84BFD2-8730-444B-9F22-042AD9ECC87F}.Debug|Any CPU.Build.0 = Debug|Any CPU
		{DE84BFD2-8730-444B-9F22-042AD9ECC87F}.Release|Any CPU.ActiveCfg = Release|Any CPU
		{DE84BFD2-8730-444B-9F22-042AD9ECC87F}.Release|Any CPU.Build.0 = Release|Any CPU
		{DA3C2726-B199-4B6A-8FD1-23CF8A95FEA0}.Debug|Any CPU.ActiveCfg = Debug|Any CPU
		{DA3C2726-B199-4B6A-8FD1-23CF8A95FEA0}.Debug|Any CPU.Build.0 = Debug|Any CPU
		{DA3C2726-B199-4B6A-8FD1-23CF8A95FEA0}.Release|Any CPU.ActiveCfg = Release|Any CPU
		{DA3C2726-B199-4B6A-8FD1-23CF8A95FEA0}.Release|Any CPU.Build.0 = Release|Any CPU
		{B5954FDC-72C4-43B9-A2CC-C4D7F1B8B30F}.Debug|Any CPU.ActiveCfg = Debug|Any CPU
		{B5954FDC-72C4-43B9-A2CC-C4D7F1B8B30F}.Debug|Any CPU.Build.0 = Debug|Any CPU
		{B5954FDC-72C4-43B9-A2CC-C4D7F1B8B30F}.Release|Any CPU.ActiveCfg = Release|Any CPU
		{B5954FDC-72C4-43B9-A2CC-C4D7F1B8B30F}.Release|Any CPU.Build.0 = Release|Any CPU
		{65E8F69F-FE0A-46D5-8528-50BD6810096A}.Debug|Any CPU.ActiveCfg = Debug|Any CPU
		{65E8F69F-FE0A-46D5-8528-50BD6810096A}.Debug|Any CPU.Build.0 = Debug|Any CPU
		{65E8F69F-FE0A-46D5-8528-50BD6810096A}.Release|Any CPU.ActiveCfg = Release|Any CPU
		{65E8F69F-FE0A-46D5-8528-50BD6810096A}.Release|Any CPU.Build.0 = Release|Any CPU
		{ACD0ABFE-4E0C-40BD-9A8F-05C7F25ACB1A}.Debug|Any CPU.ActiveCfg = Debug|Any CPU
		{ACD0ABFE-4E0C-40BD-9A8F-05C7F25ACB1A}.Debug|Any CPU.Build.0 = Debug|Any CPU
		{ACD0ABFE-4E0C-40BD-9A8F-05C7F25ACB1A}.Release|Any CPU.ActiveCfg = Release|Any CPU
		{ACD0ABFE-4E0C-40BD-9A8F-05C7F25ACB1A}.Release|Any CPU.Build.0 = Release|Any CPU
		{1FDD0283-750D-47A3-8103-3DFCA58413A3}.Debug|Any CPU.ActiveCfg = Debug|Any CPU
		{1FDD0283-750D-47A3-8103-3DFCA58413A3}.Debug|Any CPU.Build.0 = Debug|Any CPU
		{1FDD0283-750D-47A3-8103-3DFCA58413A3}.Release|Any CPU.ActiveCfg = Release|Any CPU
		{1FDD0283-750D-47A3-8103-3DFCA58413A3}.Release|Any CPU.Build.0 = Release|Any CPU
		{83B1947E-2255-4963-A661-EC4B1FE58964}.Debug|Any CPU.ActiveCfg = Debug|Any CPU
		{83B1947E-2255-4963-A661-EC4B1FE58964}.Debug|Any CPU.Build.0 = Debug|Any CPU
		{83B1947E-2255-4963-A661-EC4B1FE58964}.Release|Any CPU.ActiveCfg = Release|Any CPU
		{83B1947E-2255-4963-A661-EC4B1FE58964}.Release|Any CPU.Build.0 = Release|Any CPU
		{460E50D4-CDE5-4550-B9F7-33B97B0437F1}.Debug|Any CPU.ActiveCfg = Debug|Any CPU
		{460E50D4-CDE5-4550-B9F7-33B97B0437F1}.Debug|Any CPU.Build.0 = Debug|Any CPU
		{460E50D4-CDE5-4550-B9F7-33B97B0437F1}.Release|Any CPU.ActiveCfg = Release|Any CPU
		{460E50D4-CDE5-4550-B9F7-33B97B0437F1}.Release|Any CPU.Build.0 = Release|Any CPU
		{F77C531D-ACEF-48D6-9335-041A1F59E87E}.Debug|Any CPU.ActiveCfg = Debug|Any CPU
		{F77C531D-ACEF-48D6-9335-041A1F59E87E}.Debug|Any CPU.Build.0 = Debug|Any CPU
		{F77C531D-ACEF-48D6-9335-041A1F59E87E}.Release|Any CPU.ActiveCfg = Release|Any CPU
		{F77C531D-ACEF-48D6-9335-041A1F59E87E}.Release|Any CPU.Build.0 = Release|Any CPU
		{B8974004-D986-4AA1-9138-E3DEEDA74E77}.Debug|Any CPU.ActiveCfg = Debug|Any CPU
		{B8974004-D986-4AA1-9138-E3DEEDA74E77}.Debug|Any CPU.Build.0 = Debug|Any CPU
		{B8974004-D986-4AA1-9138-E3DEEDA74E77}.Release|Any CPU.ActiveCfg = Release|Any CPU
		{B8974004-D986-4AA1-9138-E3DEEDA74E77}.Release|Any CPU.Build.0 = Release|Any CPU
		{D02BA55C-A67B-4A6D-91E4-AB4CA86CCAA5}.Debug|Any CPU.ActiveCfg = Debug|Any CPU
		{D02BA55C-A67B-4A6D-91E4-AB4CA86CCAA5}.Debug|Any CPU.Build.0 = Debug|Any CPU
		{D02BA55C-A67B-4A6D-91E4-AB4CA86CCAA5}.Release|Any CPU.ActiveCfg = Release|Any CPU
		{D02BA55C-A67B-4A6D-91E4-AB4CA86CCAA5}.Release|Any CPU.Build.0 = Release|Any CPU
		{1EB8A3B6-BCFD-4E39-8681-246D1AAE037F}.Debug|Any CPU.ActiveCfg = Debug|Any CPU
		{1EB8A3B6-BCFD-4E39-8681-246D1AAE037F}.Debug|Any CPU.Build.0 = Debug|Any CPU
		{1EB8A3B6-BCFD-4E39-8681-246D1AAE037F}.Release|Any CPU.ActiveCfg = Release|Any CPU
		{1EB8A3B6-BCFD-4E39-8681-246D1AAE037F}.Release|Any CPU.Build.0 = Release|Any CPU
	EndGlobalSection
	GlobalSection(SolutionProperties) = preSolution
		HideSolutionNode = FALSE
	EndGlobalSection
	GlobalSection(NestedProjects) = preSolution
		{9E6160E4-C7DF-4070-9CB3-8065D78D74EC} = {05DEF3DD-2DF0-4ED4-A0B1-CE0C3BC7E5D5}
		{CBB39E58-7EED-4818-8461-D6EFCE3CBE9C} = {57469C13-F279-4E8F-AA76-563E4D453B04}
		{7B34FBC4-A5BD-45C0-AA1C-69656AEDEFEB} = {57469C13-F279-4E8F-AA76-563E4D453B04}
		{1DA5B0B9-131C-4D07-8744-ADB184284605} = {57469C13-F279-4E8F-AA76-563E4D453B04}
		{8E9DD686-F6DF-4524-87D6-5867CF07CB8A} = {1DF01B41-390C-448A-88FE-9EFE499BA9EF}
		{179F0680-AFD1-4DA6-9A87-BDDB8B9C991A} = {1DF01B41-390C-448A-88FE-9EFE499BA9EF}
		{07B23B0F-5ACB-4199-8A70-1A58CD4808C0} = {1DF01B41-390C-448A-88FE-9EFE499BA9EF}
		{880DC218-94C3-40E1-8E0C-54803C76A9CC} = {A47EFAF4-70A3-4E96-B3DC-3095DFAAD69E}
		{77F5515B-A33D-4CED-A35B-7337675FBC5C} = {A47EFAF4-70A3-4E96-B3DC-3095DFAAD69E}
		{BF55172F-33F6-47CA-86D3-E3F28B7AEA09} = {A47EFAF4-70A3-4E96-B3DC-3095DFAAD69E}
		{779C5C31-3D9C-46F4-884F-FBED71DC6DAB} = {05DEF3DD-2DF0-4ED4-A0B1-CE0C3BC7E5D5}
		{33D06396-925B-4B0E-92F0-79856514B904} = {05DEF3DD-2DF0-4ED4-A0B1-CE0C3BC7E5D5}
		{DE84BFD2-8730-444B-9F22-042AD9ECC87F} = {51431310-8A4F-4B78-B3B3-53061B013418}
		{DA3C2726-B199-4B6A-8FD1-23CF8A95FEA0} = {51431310-8A4F-4B78-B3B3-53061B013418}
		{B5954FDC-72C4-43B9-A2CC-C4D7F1B8B30F} = {51431310-8A4F-4B78-B3B3-53061B013418}
		{65E8F69F-FE0A-46D5-8528-50BD6810096A} = {82994C36-F188-48C4-97F5-49F630B4C118}
		{ACD0ABFE-4E0C-40BD-9A8F-05C7F25ACB1A} = {82994C36-F188-48C4-97F5-49F630B4C118}
		{1FDD0283-750D-47A3-8103-3DFCA58413A3} = {82994C36-F188-48C4-97F5-49F630B4C118}
		{83B1947E-2255-4963-A661-EC4B1FE58964} = {0153A94B-E216-4B15-BADF-39FE47D22187}
		{460E50D4-CDE5-4550-B9F7-33B97B0437F1} = {0153A94B-E216-4B15-BADF-39FE47D22187}
		{F77C531D-ACEF-48D6-9335-041A1F59E87E} = {0153A94B-E216-4B15-BADF-39FE47D22187}
		{B8974004-D986-4AA1-9138-E3DEEDA74E77} = {52298B89-C1D7-46BA-B0AD-6D5349982B66}
		{D02BA55C-A67B-4A6D-91E4-AB4CA86CCAA5} = {52298B89-C1D7-46BA-B0AD-6D5349982B66}
		{1EB8A3B6-BCFD-4E39-8681-246D1AAE037F} = {52298B89-C1D7-46BA-B0AD-6D5349982B66}
	EndGlobalSection
	GlobalSection(ExtensibilityGlobals) = postSolution
		SolutionGuid = {6C92ED2C-AB26-48BC-83BF-B3DF985D98CA}
	EndGlobalSection
EndGlobal
